
Microsoft Visual Studio Solution File, Format Version 12.00
# Visual Studio Version 17
VisualStudioVersion = 17.0.32014.148
MinimumVisualStudioVersion = 10.0.40219.1
Project("{FAE04EC0-301F-11D3-BF4B-00C04F79EFBC}") = "Login", "Login.csproj", "{0ECB6F08-8D54-492F-A2D4-C1D662EE49EE}"
EndProject
Global
	GlobalSection(SolutionConfigurationPlatforms) = preSolution
		Debug|Any CPU = Debug|Any CPU
		Release|Any CPU = Release|Any CPU
	EndGlobalSection
	GlobalSection(ProjectConfigurationPlatforms) = postSolution
		{0ECB6F08-8D54-492F-A2D4-C1D662EE49EE}.Debug|Any CPU.ActiveCfg = Debug|Any CPU
		{0ECB6F08-8D54-492F-A2D4-C1D662EE49EE}.Debug|Any CPU.Build.0 = Debug|Any CPU
		{0ECB6F08-8D54-492F-A2D4-C1D662EE49EE}.Release|Any CPU.ActiveCfg = Release|Any CPU
		{0ECB6F08-8D54-492F-A2D4-C1D662EE49EE}.Release|Any CPU.Build.0 = Release|Any CPU
	EndGlobalSection
	GlobalSection(SolutionProperties) = preSolution
		HideSolutionNode = FALSE
	EndGlobalSection
	GlobalSection(ExtensibilityGlobals) = postSolution
		SolutionGuid = {AAB96FC7-09B1-4219-A9BA-CF3A61882D32}
	EndGlobalSection
EndGlobal
